// !$*UTF8*$!
{
	archiveVersion = 1;
	classes = {
	};
	objectVersion = 50;
	objects = {

/* Begin PBXBuildFile section */
		A206209924AC5A7D00C91BCF /* AppDelegate.swift in Sources */ = {isa = PBXBuildFile; fileRef = A206209824AC5A7D00C91BCF /* AppDelegate.swift */; };
		A206209B24AC5A7D00C91BCF /* SceneDelegate.swift in Sources */ = {isa = PBXBuildFile; fileRef = A206209A24AC5A7D00C91BCF /* SceneDelegate.swift */; };
		A206209D24AC5A7D00C91BCF /* ContentView.swift in Sources */ = {isa = PBXBuildFile; fileRef = A206209C24AC5A7D00C91BCF /* ContentView.swift */; };
		A206209F24AC5A8000C91BCF /* Assets.xcassets in Resources */ = {isa = PBXBuildFile; fileRef = A206209E24AC5A8000C91BCF /* Assets.xcassets */; };
		A20620A224AC5A8000C91BCF /* Preview Assets.xcassets in Resources */ = {isa = PBXBuildFile; fileRef = A20620A124AC5A8000C91BCF /* Preview Assets.xcassets */; };
		A20620A524AC5A8000C91BCF /* LaunchScreen.storyboard in Resources */ = {isa = PBXBuildFile; fileRef = A20620A324AC5A8000C91BCF /* LaunchScreen.storyboard */; };
		A20620AD24AC5BE900C91BCF /* HomePage.swift in Sources */ = {isa = PBXBuildFile; fileRef = A20620AC24AC5BE900C91BCF /* HomePage.swift */; };
		A20620AF24AC5BFA00C91BCF /* ExplorePage.swift in Sources */ = {isa = PBXBuildFile; fileRef = A20620AE24AC5BFA00C91BCF /* ExplorePage.swift */; };
		A20620B124AC5C1300C91BCF /* PostingPage.swift in Sources */ = {isa = PBXBuildFile; fileRef = A20620B024AC5C1300C91BCF /* PostingPage.swift */; };
		A20620B324AC5C2F00C91BCF /* NotificationPage.swift in Sources */ = {isa = PBXBuildFile; fileRef = A20620B224AC5C2F00C91BCF /* NotificationPage.swift */; };
		A20620B524AC5C4900C91BCF /* ProfilePage.swift in Sources */ = {isa = PBXBuildFile; fileRef = A20620B424AC5C4900C91BCF /* ProfilePage.swift */; };
		A20620B724AC5C6200C91BCF /* SettingsPage.swift in Sources */ = {isa = PBXBuildFile; fileRef = A20620B624AC5C6200C91BCF /* SettingsPage.swift */; };
		A20620BF24AC5D5300C91BCF /* PostCell.swift in Sources */ = {isa = PBXBuildFile; fileRef = A20620BE24AC5D5300C91BCF /* PostCell.swift */; };
		A20620C124AD604200C91BCF /* Grid.swift in Sources */ = {isa = PBXBuildFile; fileRef = A20620C024AD604100C91BCF /* Grid.swift */; };
		A20620C324AD6FE900C91BCF /* MultilineTextView.swift in Sources */ = {isa = PBXBuildFile; fileRef = A20620C224AD6FE900C91BCF /* MultilineTextView.swift */; };
		A20620C524AD7A1E00C91BCF /* ImagePicker.swift in Sources */ = {isa = PBXBuildFile; fileRef = A20620C424AD7A1E00C91BCF /* ImagePicker.swift */; };
		A2BE186824B2A4A800483CE5 /* LoginPage.swift in Sources */ = {isa = PBXBuildFile; fileRef = A2BE186724B2A4A800483CE5 /* LoginPage.swift */; };
		A2BE186A24B2AA6B00483CE5 /* SignUpPage.swift in Sources */ = {isa = PBXBuildFile; fileRef = A2BE186924B2AA6B00483CE5 /* SignUpPage.swift */; };
		A2BE186C24B2B34D00483CE5 /* TabViewController.swift in Sources */ = {isa = PBXBuildFile; fileRef = A2BE186B24B2B34D00483CE5 /* TabViewController.swift */; };
		A2F3209624B18A67004E1B78 /* NotificationCell.swift in Sources */ = {isa = PBXBuildFile; fileRef = A2F3209524B18A67004E1B78 /* NotificationCell.swift */; };
		A2F3209824B19FE9004E1B78 /* ProfileViewHeader.swift in Sources */ = {isa = PBXBuildFile; fileRef = A2F3209724B19FE9004E1B78 /* ProfileViewHeader.swift */; };
		A2F4A7E924B6A9BC00D0B553 /* SinglePostView.swift in Sources */ = {isa = PBXBuildFile; fileRef = A2F4A7E824B6A9BC00D0B553 /* SinglePostView.swift */; };
/* End PBXBuildFile section */

/* Begin PBXFileReference section */
		A206209524AC5A7D00C91BCF /* InstagramSwiftUI.app */ = {isa = PBXFileReference; explicitFileType = wrapper.application; includeInIndex = 0; path = InstagramSwiftUI.app; sourceTree = BUILT_PRODUCTS_DIR; };
		A206209824AC5A7D00C91BCF /* AppDelegate.swift */ = {isa = PBXFileReference; lastKnownFileType = sourcecode.swift; path = AppDelegate.swift; sourceTree = "<group>"; };
		A206209A24AC5A7D00C91BCF /* SceneDelegate.swift */ = {isa = PBXFileReference; lastKnownFileType = sourcecode.swift; path = SceneDelegate.swift; sourceTree = "<group>"; };
		A206209C24AC5A7D00C91BCF /* ContentView.swift */ = {isa = PBXFileReference; lastKnownFileType = sourcecode.swift; path = ContentView.swift; sourceTree = "<group>"; };
		A206209E24AC5A8000C91BCF /* Assets.xcassets */ = {isa = PBXFileReference; lastKnownFileType = folder.assetcatalog; path = Assets.xcassets; sourceTree = "<group>"; };
		A20620A124AC5A8000C91BCF /* Preview Assets.xcassets */ = {isa = PBXFileReference; lastKnownFileType = folder.assetcatalog; path = "Preview Assets.xcassets"; sourceTree = "<group>"; };
		A20620A424AC5A8000C91BCF /* Base */ = {isa = PBXFileReference; lastKnownFileType = file.storyboard; name = Base; path = Base.lproj/LaunchScreen.storyboard; sourceTree = "<group>"; };
		A20620A624AC5A8000C91BCF /* Info.plist */ = {isa = PBXFileReference; lastKnownFileType = text.plist.xml; path = Info.plist; sourceTree = "<group>"; };
		A20620AC24AC5BE900C91BCF /* HomePage.swift */ = {isa = PBXFileReference; lastKnownFileType = sourcecode.swift; path = HomePage.swift; sourceTree = "<group>"; };
		A20620AE24AC5BFA00C91BCF /* ExplorePage.swift */ = {isa = PBXFileReference; lastKnownFileType = sourcecode.swift; path = ExplorePage.swift; sourceTree = "<group>"; };
		A20620B024AC5C1300C91BCF /* PostingPage.swift */ = {isa = PBXFileReference; lastKnownFileType = sourcecode.swift; path = PostingPage.swift; sourceTree = "<group>"; };
		A20620B224AC5C2F00C91BCF /* NotificationPage.swift */ = {isa = PBXFileReference; lastKnownFileType = sourcecode.swift; path = NotificationPage.swift; sourceTree = "<group>"; };
		A20620B424AC5C4900C91BCF /* ProfilePage.swift */ = {isa = PBXFileReference; lastKnownFileType = sourcecode.swift; path = ProfilePage.swift; sourceTree = "<group>"; };
		A20620B624AC5C6200C91BCF /* SettingsPage.swift */ = {isa = PBXFileReference; lastKnownFileType = sourcecode.swift; path = SettingsPage.swift; sourceTree = "<group>"; };
		A20620BE24AC5D5300C91BCF /* PostCell.swift */ = {isa = PBXFileReference; lastKnownFileType = sourcecode.swift; path = PostCell.swift; sourceTree = "<group>"; };
		A20620C024AD604100C91BCF /* Grid.swift */ = {isa = PBXFileReference; lastKnownFileType = sourcecode.swift; path = Grid.swift; sourceTree = "<group>"; };
		A20620C224AD6FE900C91BCF /* MultilineTextView.swift */ = {isa = PBXFileReference; lastKnownFileType = sourcecode.swift; path = MultilineTextView.swift; sourceTree = "<group>"; };
		A20620C424AD7A1E00C91BCF /* ImagePicker.swift */ = {isa = PBXFileReference; lastKnownFileType = sourcecode.swift; path = ImagePicker.swift; sourceTree = "<group>"; };
		A2BE186724B2A4A800483CE5 /* LoginPage.swift */ = {isa = PBXFileReference; lastKnownFileType = sourcecode.swift; path = LoginPage.swift; sourceTree = "<group>"; };
		A2BE186924B2AA6B00483CE5 /* SignUpPage.swift */ = {isa = PBXFileReference; lastKnownFileType = sourcecode.swift; path = SignUpPage.swift; sourceTree = "<group>"; };
		A2BE186B24B2B34D00483CE5 /* TabViewController.swift */ = {isa = PBXFileReference; lastKnownFileType = sourcecode.swift; path = TabViewController.swift; sourceTree = "<group>"; };
		A2F3209524B18A67004E1B78 /* NotificationCell.swift */ = {isa = PBXFileReference; lastKnownFileType = sourcecode.swift; path = NotificationCell.swift; sourceTree = "<group>"; };
		A2F3209724B19FE9004E1B78 /* ProfileViewHeader.swift */ = {isa = PBXFileReference; lastKnownFileType = sourcecode.swift; path = ProfileViewHeader.swift; sourceTree = "<group>"; };
		A2F4A7E824B6A9BC00D0B553 /* SinglePostView.swift */ = {isa = PBXFileReference; lastKnownFileType = sourcecode.swift; path = SinglePostView.swift; sourceTree = "<group>"; };
/* End PBXFileReference section */

/* Begin PBXFrameworksBuildPhase section */
		A206209224AC5A7D00C91BCF /* Frameworks */ = {
			isa = PBXFrameworksBuildPhase;
			buildActionMask = 2147483647;
			files = (
			);
			runOnlyForDeploymentPostprocessing = 0;
		};
/* End PBXFrameworksBuildPhase section */

/* Begin PBXGroup section */
		A206208C24AC5A7D00C91BCF = {
			isa = PBXGroup;
			children = (
				A206209724AC5A7D00C91BCF /* InstagramSwiftUI */,
				A206209624AC5A7D00C91BCF /* Products */,
			);
			sourceTree = "<group>";
		};
		A206209624AC5A7D00C91BCF /* Products */ = {
			isa = PBXGroup;
			children = (
				A206209524AC5A7D00C91BCF /* InstagramSwiftUI.app */,
			);
			name = Products;
			sourceTree = "<group>";
		};
		A206209724AC5A7D00C91BCF /* InstagramSwiftUI */ = {
			isa = PBXGroup;
			children = (
				A2BE186624B2A48F00483CE5 /* Login */,
				A20620B824AC5CA700C91BCF /* Home */,
				A20620B924AC5CB100C91BCF /* Explore */,
				A20620BB24AC5CCB00C91BCF /* Notification */,
				A20620BC24AC5CE000C91BCF /* Profile */,
				A20620BA24AC5CBC00C91BCF /* Posting */,
				A20620BD24AC5CEA00C91BCF /* Settings */,
				A206209824AC5A7D00C91BCF /* AppDelegate.swift */,
				A206209A24AC5A7D00C91BCF /* SceneDelegate.swift */,
				A206209C24AC5A7D00C91BCF /* ContentView.swift */,
				A206209E24AC5A8000C91BCF /* Assets.xcassets */,
				A20620A324AC5A8000C91BCF /* LaunchScreen.storyboard */,
				A20620A624AC5A8000C91BCF /* Info.plist */,
				A20620A024AC5A8000C91BCF /* Preview Content */,
				A2BE186B24B2B34D00483CE5 /* TabViewController.swift */,
			);
			path = InstagramSwiftUI;
			sourceTree = "<group>";
		};
		A20620A024AC5A8000C91BCF /* Preview Content */ = {
			isa = PBXGroup;
			children = (
				A20620A124AC5A8000C91BCF /* Preview Assets.xcassets */,
			);
			path = "Preview Content";
			sourceTree = "<group>";
		};
		A20620B824AC5CA700C91BCF /* Home */ = {
			isa = PBXGroup;
			children = (
				A20620AC24AC5BE900C91BCF /* HomePage.swift */,
				A20620BE24AC5D5300C91BCF /* PostCell.swift */,
			);
			path = Home;
			sourceTree = "<group>";
		};
		A20620B924AC5CB100C91BCF /* Explore */ = {
			isa = PBXGroup;
			children = (
				A20620AE24AC5BFA00C91BCF /* ExplorePage.swift */,
				A20620C024AD604100C91BCF /* Grid.swift */,
				A2F4A7E824B6A9BC00D0B553 /* SinglePostView.swift */,
			);
			path = Explore;
			sourceTree = "<group>";
		};
		A20620BA24AC5CBC00C91BCF /* Posting */ = {
			isa = PBXGroup;
			children = (
				A20620B024AC5C1300C91BCF /* PostingPage.swift */,
				A20620C224AD6FE900C91BCF /* MultilineTextView.swift */,
				A20620C424AD7A1E00C91BCF /* ImagePicker.swift */,
			);
			path = Posting;
			sourceTree = "<group>";
		};
		A20620BB24AC5CCB00C91BCF /* Notification */ = {
			isa = PBXGroup;
			children = (
				A20620B224AC5C2F00C91BCF /* NotificationPage.swift */,
				A2F3209524B18A67004E1B78 /* NotificationCell.swift */,
			);
			path = Notification;
			sourceTree = "<group>";
		};
		A20620BC24AC5CE000C91BCF /* Profile */ = {
			isa = PBXGroup;
			children = (
				A20620B424AC5C4900C91BCF /* ProfilePage.swift */,
				A2F3209724B19FE9004E1B78 /* ProfileViewHeader.swift */,
			);
			path = Profile;
			sourceTree = "<group>";
		};
		A20620BD24AC5CEA00C91BCF /* Settings */ = {
			isa = PBXGroup;
			children = (
				A20620B624AC5C6200C91BCF /* SettingsPage.swift */,
			);
			path = Settings;
			sourceTree = "<group>";
		};
		A2BE186624B2A48F00483CE5 /* Login */ = {
			isa = PBXGroup;
			children = (
				A2BE186724B2A4A800483CE5 /* LoginPage.swift */,
				A2BE186924B2AA6B00483CE5 /* SignUpPage.swift */,
			);
			path = Login;
			sourceTree = "<group>";
		};
/* End PBXGroup section */

/* Begin PBXNativeTarget section */
		A206209424AC5A7D00C91BCF /* InstagramSwiftUI */ = {
			isa = PBXNativeTarget;
			buildConfigurationList = A20620A924AC5A8000C91BCF /* Build configuration list for PBXNativeTarget "InstagramSwiftUI" */;
			buildPhases = (
				A206209124AC5A7D00C91BCF /* Sources */,
				A206209224AC5A7D00C91BCF /* Frameworks */,
				A206209324AC5A7D00C91BCF /* Resources */,
			);
			buildRules = (
			);
			dependencies = (
			);
			name = InstagramSwiftUI;
			productName = InstagramSwiftUI;
			productReference = A206209524AC5A7D00C91BCF /* InstagramSwiftUI.app */;
			productType = "com.apple.product-type.application";
		};
/* End PBXNativeTarget section */

/* Begin PBXProject section */
		A206208D24AC5A7D00C91BCF /* Project object */ = {
			isa = PBXProject;
			attributes = {
				LastSwiftUpdateCheck = 1130;
				LastUpgradeCheck = 1130;
				ORGANIZATIONNAME = "park kyung suk";
				TargetAttributes = {
					A206209424AC5A7D00C91BCF = {
						CreatedOnToolsVersion = 11.3.1;
					};
				};
			};
			buildConfigurationList = A206209024AC5A7D00C91BCF /* Build configuration list for PBXProject "InstagramSwiftUI" */;
			compatibilityVersion = "Xcode 9.3";
			developmentRegion = en;
			hasScannedForEncodings = 0;
			knownRegions = (
				en,
				Base,
			);
			mainGroup = A206208C24AC5A7D00C91BCF;
			productRefGroup = A206209624AC5A7D00C91BCF /* Products */;
			projectDirPath = "";
			projectRoot = "";
			targets = (
				A206209424AC5A7D00C91BCF /* InstagramSwiftUI */,
			);
		};
/* End PBXProject section */

/* Begin PBXResourcesBuildPhase section */
		A206209324AC5A7D00C91BCF /* Resources */ = {
			isa = PBXResourcesBuildPhase;
			buildActionMask = 2147483647;
			files = (
				A20620A524AC5A8000C91BCF /* LaunchScreen.storyboard in Resources */,
				A20620A224AC5A8000C91BCF /* Preview Assets.xcassets in Resources */,
				A206209F24AC5A8000C91BCF /* Assets.xcassets in Resources */,
			);
			runOnlyForDeploymentPostprocessing = 0;
		};
/* End PBXResourcesBuildPhase section */

/* Begin PBXSourcesBuildPhase section */
		A206209124AC5A7D00C91BCF /* Sources */ = {
			isa = PBXSourcesBuildPhase;
			buildActionMask = 2147483647;
			files = (
				A2BE186824B2A4A800483CE5 /* LoginPage.swift in Sources */,
				A2BE186A24B2AA6B00483CE5 /* SignUpPage.swift in Sources */,
				A20620C524AD7A1E00C91BCF /* ImagePicker.swift in Sources */,
				A20620B724AC5C6200C91BCF /* SettingsPage.swift in Sources */,
				A20620C324AD6FE900C91BCF /* MultilineTextView.swift in Sources */,
				A206209924AC5A7D00C91BCF /* AppDelegate.swift in Sources */,
				A2BE186C24B2B34D00483CE5 /* TabViewController.swift in Sources */,
				A2F3209824B19FE9004E1B78 /* ProfileViewHeader.swift in Sources */,
				A20620B124AC5C1300C91BCF /* PostingPage.swift in Sources */,
				A20620B524AC5C4900C91BCF /* ProfilePage.swift in Sources */,
				A2F3209624B18A67004E1B78 /* NotificationCell.swift in Sources */,
				A20620C124AD604200C91BCF /* Grid.swift in Sources */,
				A206209B24AC5A7D00C91BCF /* SceneDelegate.swift in Sources */,
				A206209D24AC5A7D00C91BCF /* ContentView.swift in Sources */,
				A20620AF24AC5BFA00C91BCF /* ExplorePage.swift in Sources */,
				A20620B324AC5C2F00C91BCF /* NotificationPage.swift in Sources */,
				A20620AD24AC5BE900C91BCF /* HomePage.swift in Sources */,
				A2F4A7E924B6A9BC00D0B553 /* SinglePostView.swift in Sources */,
				A20620BF24AC5D5300C91BCF /* PostCell.swift in Sources */,
			);
			runOnlyForDeploymentPostprocessing = 0;
		};
/* End PBXSourcesBuildPhase section */

/* Begin PBXVariantGroup section */
		A20620A324AC5A8000C91BCF /* LaunchScreen.storyboard */ = {
			isa = PBXVariantGroup;
			children = (
				A20620A424AC5A8000C91BCF /* Base */,
			);
			name = LaunchScreen.storyboard;
			sourceTree = "<group>";
		};
/* End PBXVariantGroup section */

/* Begin XCBuildConfiguration section */
		A20620A724AC5A8000C91BCF /* Debug */ = {
			isa = XCBuildConfiguration;
			buildSettings = {
				ALWAYS_SEARCH_USER_PATHS = NO;
				CLANG_ANALYZER_NONNULL = YES;
				CLANG_ANALYZER_NUMBER_OBJECT_CONVERSION = YES_AGGRESSIVE;
				CLANG_CXX_LANGUAGE_STANDARD = "gnu++14";
				CLANG_CXX_LIBRARY = "libc++";
				CLANG_ENABLE_MODULES = YES;
				CLANG_ENABLE_OBJC_ARC = YES;
				CLANG_ENABLE_OBJC_WEAK = YES;
				CLANG_WARN_BLOCK_CAPTURE_AUTORELEASING = YES;
				CLANG_WARN_BOOL_CONVERSION = YES;
				CLANG_WARN_COMMA = YES;
				CLANG_WARN_CONSTANT_CONVERSION = YES;
				CLANG_WARN_DEPRECATED_OBJC_IMPLEMENTATIONS = YES;
				CLANG_WARN_DIRECT_OBJC_ISA_USAGE = YES_ERROR;
				CLANG_WARN_DOCUMENTATION_COMMENTS = YES;
				CLANG_WARN_EMPTY_BODY = YES;
				CLANG_WARN_ENUM_CONVERSION = YES;
				CLANG_WARN_INFINITE_RECURSION = YES;
				CLANG_WARN_INT_CONVERSION = YES;
				CLANG_WARN_NON_LITERAL_NULL_CONVERSION = YES;
				CLANG_WARN_OBJC_IMPLICIT_RETAIN_SELF = YES;
				CLANG_WARN_OBJC_LITERAL_CONVERSION = YES;
				CLANG_WARN_OBJC_ROOT_CLASS = YES_ERROR;
				CLANG_WARN_RANGE_LOOP_ANALYSIS = YES;
				CLANG_WARN_STRICT_PROTOTYPES = YES;
				CLANG_WARN_SUSPICIOUS_MOVE = YES;
				CLANG_WARN_UNGUARDED_AVAILABILITY = YES_AGGRESSIVE;
				CLANG_WARN_UNREACHABLE_CODE = YES;
				CLANG_WARN__DUPLICATE_METHOD_MATCH = YES;
				COPY_PHASE_STRIP = NO;
				DEBUG_INFORMATION_FORMAT = dwarf;
				ENABLE_STRICT_OBJC_MSGSEND = YES;
				ENABLE_TESTABILITY = YES;
				GCC_C_LANGUAGE_STANDARD = gnu11;
				GCC_DYNAMIC_NO_PIC = NO;
				GCC_NO_COMMON_BLOCKS = YES;
				GCC_OPTIMIZATION_LEVEL = 0;
				GCC_PREPROCESSOR_DEFINITIONS = (
					"DEBUG=1",
					"$(inherited)",
				);
				GCC_WARN_64_TO_32_BIT_CONVERSION = YES;
				GCC_WARN_ABOUT_RETURN_TYPE = YES_ERROR;
				GCC_WARN_UNDECLARED_SELECTOR = YES;
				GCC_WARN_UNINITIALIZED_AUTOS = YES_AGGRESSIVE;
				GCC_WARN_UNUSED_FUNCTION = YES;
				GCC_WARN_UNUSED_VARIABLE = YES;
				IPHONEOS_DEPLOYMENT_TARGET = 13.2;
				MTL_ENABLE_DEBUG_INFO = INCLUDE_SOURCE;
				MTL_FAST_MATH = YES;
				ONLY_ACTIVE_ARCH = YES;
				SDKROOT = iphoneos;
				SWIFT_ACTIVE_COMPILATION_CONDITIONS = DEBUG;
				SWIFT_OPTIMIZATION_LEVEL = "-Onone";
			};
			name = Debug;
		};
		A20620A824AC5A8000C91BCF /* Release */ = {
			isa = XCBuildConfiguration;
			buildSettings = {
				ALWAYS_SEARCH_USER_PATHS = NO;
				CLANG_ANALYZER_NONNULL = YES;
				CLANG_ANALYZER_NUMBER_OBJECT_CONVERSION = YES_AGGRESSIVE;
				CLANG_CXX_LANGUAGE_STANDARD = "gnu++14";
				CLANG_CXX_LIBRARY = "libc++";
				CLANG_ENABLE_MODULES = YES;
				CLANG_ENABLE_OBJC_ARC = YES;
				CLANG_ENABLE_OBJC_WEAK = YES;
				CLANG_WARN_BLOCK_CAPTURE_AUTORELEASING = YES;
				CLANG_WARN_BOOL_CONVERSION = YES;
				CLANG_WARN_COMMA = YES;
				CLANG_WARN_CONSTANT_CONVERSION = YES;
				CLANG_WARN_DEPRECATED_OBJC_IMPLEMENTATIONS = YES;
				CLANG_WARN_DIRECT_OBJC_ISA_USAGE = YES_ERROR;
				CLANG_WARN_DOCUMENTATION_COMMENTS = YES;
				CLANG_WARN_EMPTY_BODY = YES;
				CLANG_WARN_ENUM_CONVERSION = YES;
				CLANG_WARN_INFINITE_RECURSION = YES;
				CLANG_WARN_INT_CONVERSION = YES;
				CLANG_WARN_NON_LITERAL_NULL_CONVERSION = YES;
				CLANG_WARN_OBJC_IMPLICIT_RETAIN_SELF = YES;
				CLANG_WARN_OBJC_LITERAL_CONVERSION = YES;
				CLANG_WARN_OBJC_ROOT_CLASS = YES_ERROR;
				CLANG_WARN_RANGE_LOOP_ANALYSIS = YES;
				CLANG_WARN_STRICT_PROTOTYPES = YES;
				CLANG_WARN_SUSPICIOUS_MOVE = YES;
				CLANG_WARN_UNGUARDED_AVAILABILITY = YES_AGGRESSIVE;
				CLANG_WARN_UNREACHABLE_CODE = YES;
				CLANG_WARN__DUPLICATE_METHOD_MATCH = YES;
				COPY_PHASE_STRIP = NO;
				DEBUG_INFORMATION_FORMAT = "dwarf-with-dsym";
				ENABLE_NS_ASSERTIONS = NO;
				ENABLE_STRICT_OBJC_MSGSEND = YES;
				GCC_C_LANGUAGE_STANDARD = gnu11;
				GCC_NO_COMMON_BLOCKS = YES;
				GCC_WARN_64_TO_32_BIT_CONVERSION = YES;
				GCC_WARN_ABOUT_RETURN_TYPE = YES_ERROR;
				GCC_WARN_UNDECLARED_SELECTOR = YES;
				GCC_WARN_UNINITIALIZED_AUTOS = YES_AGGRESSIVE;
				GCC_WARN_UNUSED_FUNCTION = YES;
				GCC_WARN_UNUSED_VARIABLE = YES;
				IPHONEOS_DEPLOYMENT_TARGET = 13.2;
				MTL_ENABLE_DEBUG_INFO = NO;
				MTL_FAST_MATH = YES;
				SDKROOT = iphoneos;
				SWIFT_COMPILATION_MODE = wholemodule;
				SWIFT_OPTIMIZATION_LEVEL = "-O";
				VALIDATE_PRODUCT = YES;
			};
			name = Release;
		};
		A20620AA24AC5A8000C91BCF /* Debug */ = {
			isa = XCBuildConfiguration;
			buildSettings = {
				ASSETCATALOG_COMPILER_APPICON_NAME = AppIcon;
				CODE_SIGN_STYLE = Automatic;
				DEVELOPMENT_ASSET_PATHS = "\"InstagramSwiftUI/Preview Content\"";
				ENABLE_PREVIEWS = YES;
				INFOPLIST_FILE = InstagramSwiftUI/Info.plist;
				LD_RUNPATH_SEARCH_PATHS = (
					"$(inherited)",
					"@executable_path/Frameworks",
				);
				PRODUCT_BUNDLE_IDENTIFIER = ninimepaku.InstagramSwiftUI;
				PRODUCT_NAME = "$(TARGET_NAME)";
				SWIFT_VERSION = 5.0;
				TARGETED_DEVICE_FAMILY = "1,2";
			};
			name = Debug;
		};
		A20620AB24AC5A8000C91BCF /* Release */ = {
			isa = XCBuildConfiguration;
			buildSettings = {
				ASSETCATALOG_COMPILER_APPICON_NAME = AppIcon;
				CODE_SIGN_STYLE = Automatic;
				DEVELOPMENT_ASSET_PATHS = "\"InstagramSwiftUI/Preview Content\"";
				ENABLE_PREVIEWS = YES;
				INFOPLIST_FILE = InstagramSwiftUI/Info.plist;
				LD_RUNPATH_SEARCH_PATHS = (
					"$(inherited)",
					"@executable_path/Frameworks",
				);
				PRODUCT_BUNDLE_IDENTIFIER = ninimepaku.InstagramSwiftUI;
				PRODUCT_NAME = "$(TARGET_NAME)";
				SWIFT_VERSION = 5.0;
				TARGETED_DEVICE_FAMILY = "1,2";
			};
			name = Release;
		};
/* End XCBuildConfiguration section */

/* Begin XCConfigurationList section */
		A206209024AC5A7D00C91BCF /* Build configuration list for PBXProject "InstagramSwiftUI" */ = {
			isa = XCConfigurationList;
			buildConfigurations = (
				A20620A724AC5A8000C91BCF /* Debug */,
				A20620A824AC5A8000C91BCF /* Release */,
			);
			defaultConfigurationIsVisible = 0;
			defaultConfigurationName = Release;
		};
		A20620A924AC5A8000C91BCF /* Build configuration list for PBXNativeTarget "InstagramSwiftUI" */ = {
			isa = XCConfigurationList;
			buildConfigurations = (
				A20620AA24AC5A8000C91BCF /* Debug */,
				A20620AB24AC5A8000C91BCF /* Release */,
			);
			defaultConfigurationIsVisible = 0;
			defaultConfigurationName = Release;
		};
/* End XCConfigurationList section */
	};
	rootObject = A206208D24AC5A7D00C91BCF /* Project object */;
}
